
Microsoft Visual Studio Solution File, Format Version 12.00
# Visual Studio Version 16
VisualStudioVersion = 16.0.30114.105
MinimumVisualStudioVersion = 10.0.40219.1
Project("{FAE04EC0-301F-11D3-BF4B-00C04F79EFBC}") = "TestFormatterUI", "WPF_SandboxUI\TestFormatterUI.csproj", "{7E43457D-EFCD-4F71-BBD1-73AA7585835D}"
	ProjectSection(ProjectDependencies) = postProject
		{5E793F80-95CF-455D-9FB4-2E9D1DE27668} = {5E793F80-95CF-455D-9FB4-2E9D1DE27668}
		{C578DAA2-96A4-4FA6-BE0A-F7EBFEFB879A} = {C578DAA2-96A4-4FA6-BE0A-F7EBFEFB879A}
		{D1397BC7-2A38-45AB-BCF4-E618ED50076D} = {D1397BC7-2A38-45AB-BCF4-E618ED50076D}
	EndProjectSection
EndProject
Project("{FAE04EC0-301F-11D3-BF4B-00C04F79EFBC}") = "ControllerLib", "Controller\ControllerLib.csproj", "{D1397BC7-2A38-45AB-BCF4-E618ED50076D}"
	ProjectSection(ProjectDependencies) = postProject
		{5E793F80-95CF-455D-9FB4-2E9D1DE27668} = {5E793F80-95CF-455D-9FB4-2E9D1DE27668}
		{C578DAA2-96A4-4FA6-BE0A-F7EBFEFB879A} = {C578DAA2-96A4-4FA6-BE0A-F7EBFEFB879A}
	EndProjectSection
EndProject
Project("{FAE04EC0-301F-11D3-BF4B-00C04F79EFBC}") = "LocalizationLib", "Localization\LocalizationLib.csproj", "{5E793F80-95CF-455D-9FB4-2E9D1DE27668}"
EndProject
Project("{FAE04EC0-301F-11D3-BF4B-00C04F79EFBC}") = "FormatterLib", "Formatter\FormatterLib.csproj", "{C578DAA2-96A4-4FA6-BE0A-F7EBFEFB879A}"
EndProject
Global
	GlobalSection(SolutionConfigurationPlatforms) = preSolution
		Debug|Any CPU = Debug|Any CPU
		Release|Any CPU = Release|Any CPU
	EndGlobalSection
	GlobalSection(ProjectConfigurationPlatforms) = postSolution
		{7E43457D-EFCD-4F71-BBD1-73AA7585835D}.Debug|Any CPU.ActiveCfg = Debug|Any CPU
		{7E43457D-EFCD-4F71-BBD1-73AA7585835D}.Debug|Any CPU.Build.0 = Debug|Any CPU
		{7E43457D-EFCD-4F71-BBD1-73AA7585835D}.Release|Any CPU.ActiveCfg = Release|Any CPU
		{7E43457D-EFCD-4F71-BBD1-73AA7585835D}.Release|Any CPU.Build.0 = Release|Any CPU
		{D1397BC7-2A38-45AB-BCF4-E618ED50076D}.Debug|Any CPU.ActiveCfg = Debug|Any CPU
		{D1397BC7-2A38-45AB-BCF4-E618ED50076D}.Debug|Any CPU.Build.0 = Debug|Any CPU
		{D1397BC7-2A38-45AB-BCF4-E618ED50076D}.Release|Any CPU.ActiveCfg = Release|Any CPU
		{D1397BC7-2A38-45AB-BCF4-E618ED50076D}.Release|Any CPU.Build.0 = Release|Any CPU
		{5E793F80-95CF-455D-9FB4-2E9D1DE27668}.Debug|Any CPU.ActiveCfg = Debug|Any CPU
		{5E793F80-95CF-455D-9FB4-2E9D1DE27668}.Debug|Any CPU.Build.0 = Debug|Any CPU
		{5E793F80-95CF-455D-9FB4-2E9D1DE27668}.Release|Any CPU.ActiveCfg = Release|Any CPU
		{5E793F80-95CF-455D-9FB4-2E9D1DE27668}.Release|Any CPU.Build.0 = Release|Any CPU
		{C578DAA2-96A4-4FA6-BE0A-F7EBFEFB879A}.Debug|Any CPU.ActiveCfg = Debug|Any CPU
		{C578DAA2-96A4-4FA6-BE0A-F7EBFEFB879A}.Debug|Any CPU.Build.0 = Debug|Any CPU
		{C578DAA2-96A4-4FA6-BE0A-F7EBFEFB879A}.Release|Any CPU.ActiveCfg = Release|Any CPU
		{C578DAA2-96A4-4FA6-BE0A-F7EBFEFB879A}.Release|Any CPU.Build.0 = Release|Any CPU
	EndGlobalSection
	GlobalSection(SolutionProperties) = preSolution
		HideSolutionNode = FALSE
	EndGlobalSection
	GlobalSection(ExtensibilityGlobals) = postSolution
		SolutionGuid = {B6E2C77D-BB06-43E7-B26C-1ECCE8D981E2}
	EndGlobalSection
EndGlobal
